Microsoft Visual Studio Solution File, Format Version 11.00
# Visual Studio 2008

Project("{777D2598-703C-AC02-291D-9B1D5A62D2B6}") = "SpitfinityDan-v2", "Assembly-CSharp-firstpass-vs.csproj", "{BCDDC229-24A3-DB63-FACC-06C6B248271A}"
EndProject
Project("{777D2598-703C-AC02-291D-9B1D5A62D2B6}") = "SpitfinityDan-v2", "Assembly-CSharp-vs.csproj", "{4C20A640-CBAF-AD6A-37FE-B34B9A5A50F0}"
EndProject
Global
	GlobalSection(SolutionConfigurationPlatforms) = preSolution
		Debug|Any CPU = Debug|Any CPU
		Release|Any CPU = Release|Any CPU
	EndGlobalSection
	GlobalSection(ProjectConfigurationPlatforms) = postSolution
		{BCDDC229-24A3-DB63-FACC-06C6B248271A}.Debug|Any CPU.ActiveCfg = Debug|Any CPU
		{BCDDC229-24A3-DB63-FACC-06C6B248271A}.Debug|Any CPU.Build.0 = Debug|Any CPU
		{BCDDC229-24A3-DB63-FACC-06C6B248271A}.Release|Any CPU.ActiveCfg = Release|Any CPU
		{BCDDC229-24A3-DB63-FACC-06C6B248271A}.Release|Any CPU.Build.0 = Release|Any CPU
		{4C20A640-CBAF-AD6A-37FE-B34B9A5A50F0}.Debug|Any CPU.ActiveCfg = Debug|Any CPU
		{4C20A640-CBAF-AD6A-37FE-B34B9A5A50F0}.Debug|Any CPU.Build.0 = Debug|Any CPU
		{4C20A640-CBAF-AD6A-37FE-B34B9A5A50F0}.Release|Any CPU.ActiveCfg = Release|Any CPU
		{4C20A640-CBAF-AD6A-37FE-B34B9A5A50F0}.Release|Any CPU.Build.0 = Release|Any CPU
	EndGlobalSection
	GlobalSection(SolutionProperties) = preSolution
		HideSolutionNode = FALSE
	EndGlobalSection
											GlobalSection(MonoDevelopProperties) = preSolution
		StartupItem = Assembly-CSharp.csproj
		Policies = $0
		$0.TextStylePolicy = $1
		$1.inheritsSet = null
		$1.scope = text/x-csharp
		$0.CSharpFormattingPolicy = $2
		$2.inheritsSet = Mono
		$2.inheritsScope = text/x-csharp
		$2.scope = text/x-csharp
		$0.TextStylePolicy = $3
		$3.FileWidth = 120
		$3.TabWidth = 4
		$3.EolMarker = Unix
		$3.inheritsSet = Mono
		$3.inheritsScope = text/plain
		$3.scope = text/plain
	EndGlobalSection

EndGlobal
